
Microsoft Visual Studio Solution File, Format Version 12.00
# Visual Studio 15
VisualStudioVersion = 15.0.26430.6
MinimumVisualStudioVersion = 10.0.40219.1
Project("{FAE04EC0-301F-11D3-BF4B-00C04F79EFBC}") = "01-03.DefineAClassPerson", "DefineAClassPerson\01-03.DefineAClassPerson.csproj", "{59E4B590-D1A4-4BD6-A1DB-FE24D9663B10}"
EndProject
Project("{FAE04EC0-301F-11D3-BF4B-00C04F79EFBC}") = "04.OpinionPoll", "04.OpinionPoll\04.OpinionPoll.csproj", "{BD4D6CCD-39B9-407B-98B8-853FCD0493F8}"
EndProject
Global
	GlobalSection(SolutionConfigurationPlatforms) = preSolution
		Debug|Any CPU = Debug|Any CPU
		Release|Any CPU = Release|Any CPU
	EndGlobalSection
	GlobalSection(ProjectConfigurationPlatforms) = postSolution
		{59E4B590-D1A4-4BD6-A1DB-FE24D9663B10}.Debug|Any CPU.ActiveCfg = Debug|Any CPU
		{59E4B590-D1A4-4BD6-A1DB-FE24D9663B10}.Debug|Any CPU.Build.0 = Debug|Any CPU
		{59E4B590-D1A4-4BD6-A1DB-FE24D9663B10}.Release|Any CPU.ActiveCfg = Release|Any CPU
		{59E4B590-D1A4-4BD6-A1DB-FE24D9663B10}.Release|Any CPU.Build.0 = Release|Any CPU
		{BD4D6CCD-39B9-407B-98B8-853FCD0493F8}.Debug|Any CPU.ActiveCfg = Debug|Any CPU
		{BD4D6CCD-39B9-407B-98B8-853FCD0493F8}.Debug|Any CPU.Build.0 = Debug|Any CPU
		{BD4D6CCD-39B9-407B-98B8-853FCD0493F8}.Release|Any CPU.ActiveCfg = Release|Any CPU
		{BD4D6CCD-39B9-407B-98B8-853FCD0493F8}.Release|Any CPU.Build.0 = Release|Any CPU
	EndGlobalSection
	GlobalSection(SolutionProperties) = preSolution
		HideSolutionNode = FALSE
	EndGlobalSection
EndGlobal
