
Microsoft Visual Studio Solution File, Format Version 12.00
# Visual Studio 15
VisualStudioVersion = 15.0.26430.6
MinimumVisualStudioVersion = 10.0.40219.1
Project("{FAE04EC0-301F-11D3-BF4B-00C04F79EFBC}") = "01.Library", "01.Library\01.Library.csproj", "{12073AB1-C7D3-4793-A632-7AA701E3FAE1}"
EndProject
Project("{FAE04EC0-301F-11D3-BF4B-00C04F79EFBC}") = "03.ComparableBook", "03.ComparableBook\03.ComparableBook.csproj", "{0318D0DA-F8B3-485D-8CDC-60CD5D92270B}"
EndProject
Global
	GlobalSection(SolutionConfigurationPlatforms) = preSolution
		Debug|Any CPU = Debug|Any CPU
		Release|Any CPU = Release|Any CPU
	EndGlobalSection
	GlobalSection(ProjectConfigurationPlatforms) = postSolution
		{12073AB1-C7D3-4793-A632-7AA701E3FAE1}.Debug|Any CPU.ActiveCfg = Debug|Any CPU
		{12073AB1-C7D3-4793-A632-7AA701E3FAE1}.Debug|Any CPU.Build.0 = Debug|Any CPU
		{12073AB1-C7D3-4793-A632-7AA701E3FAE1}.Release|Any CPU.ActiveCfg = Release|Any CPU
		{12073AB1-C7D3-4793-A632-7AA701E3FAE1}.Release|Any CPU.Build.0 = Release|Any CPU
		{0318D0DA-F8B3-485D-8CDC-60CD5D92270B}.Debug|Any CPU.ActiveCfg = Debug|Any CPU
		{0318D0DA-F8B3-485D-8CDC-60CD5D92270B}.Debug|Any CPU.Build.0 = Debug|Any CPU
		{0318D0DA-F8B3-485D-8CDC-60CD5D92270B}.Release|Any CPU.ActiveCfg = Release|Any CPU
		{0318D0DA-F8B3-485D-8CDC-60CD5D92270B}.Release|Any CPU.Build.0 = Release|Any CPU
	EndGlobalSection
	GlobalSection(SolutionProperties) = preSolution
		HideSolutionNode = FALSE
	EndGlobalSection
EndGlobal
