
Microsoft Visual Studio Solution File, Format Version 12.00
# Visual Studio 15
VisualStudioVersion = 15.0.26430.6
MinimumVisualStudioVersion = 10.0.40219.1
Project("{FAE04EC0-301F-11D3-BF4B-00C04F79EFBC}") = "01.ClassBox", "01.ClassBox\01.ClassBox.csproj", "{870FB76C-69F6-4EF2-ABAA-9D538DB1CB4E}"
EndProject
Project("{FAE04EC0-301F-11D3-BF4B-00C04F79EFBC}") = "02.ClassBoxDataValidation", "02.ClassBoxDataValidation\02.ClassBoxDataValidation.csproj", "{2B631175-9463-4E02-9B95-3CF58D76E8BF}"
EndProject
Project("{FAE04EC0-301F-11D3-BF4B-00C04F79EFBC}") = "AnimalFarm", "03.AnimalFarm\AnimalFarm.csproj", "{32AEC171-3440-43ED-822B-E7F89C5A8651}"
EndProject
Project("{FAE04EC0-301F-11D3-BF4B-00C04F79EFBC}") = "04.ShoppingSpree", "04.ShoppingSpree\04.ShoppingSpree.csproj", "{7A891580-7093-452E-92B3-BCD24A9EC4AE}"
EndProject
Project("{FAE04EC0-301F-11D3-BF4B-00C04F79EFBC}") = "05.PizzaCalories", "05.PizzaCalories\05.PizzaCalories.csproj", "{FD732E70-B7CF-4D42-8F56-D0D26250D7D8}"
EndProject
Global
	GlobalSection(SolutionConfigurationPlatforms) = preSolution
		Debug|Any CPU = Debug|Any CPU
		Release|Any CPU = Release|Any CPU
	EndGlobalSection
	GlobalSection(ProjectConfigurationPlatforms) = postSolution
		{870FB76C-69F6-4EF2-ABAA-9D538DB1CB4E}.Debug|Any CPU.ActiveCfg = Debug|Any CPU
		{870FB76C-69F6-4EF2-ABAA-9D538DB1CB4E}.Debug|Any CPU.Build.0 = Debug|Any CPU
		{870FB76C-69F6-4EF2-ABAA-9D538DB1CB4E}.Release|Any CPU.ActiveCfg = Release|Any CPU
		{870FB76C-69F6-4EF2-ABAA-9D538DB1CB4E}.Release|Any CPU.Build.0 = Release|Any CPU
		{2B631175-9463-4E02-9B95-3CF58D76E8BF}.Debug|Any CPU.ActiveCfg = Debug|Any CPU
		{2B631175-9463-4E02-9B95-3CF58D76E8BF}.Debug|Any CPU.Build.0 = Debug|Any CPU
		{2B631175-9463-4E02-9B95-3CF58D76E8BF}.Release|Any CPU.ActiveCfg = Release|Any CPU
		{2B631175-9463-4E02-9B95-3CF58D76E8BF}.Release|Any CPU.Build.0 = Release|Any CPU
		{32AEC171-3440-43ED-822B-E7F89C5A8651}.Debug|Any CPU.ActiveCfg = Debug|Any CPU
		{32AEC171-3440-43ED-822B-E7F89C5A8651}.Debug|Any CPU.Build.0 = Debug|Any CPU
		{32AEC171-3440-43ED-822B-E7F89C5A8651}.Release|Any CPU.ActiveCfg = Release|Any CPU
		{32AEC171-3440-43ED-822B-E7F89C5A8651}.Release|Any CPU.Build.0 = Release|Any CPU
		{7A891580-7093-452E-92B3-BCD24A9EC4AE}.Debug|Any CPU.ActiveCfg = Debug|Any CPU
		{7A891580-7093-452E-92B3-BCD24A9EC4AE}.Debug|Any CPU.Build.0 = Debug|Any CPU
		{7A891580-7093-452E-92B3-BCD24A9EC4AE}.Release|Any CPU.ActiveCfg = Release|Any CPU
		{7A891580-7093-452E-92B3-BCD24A9EC4AE}.Release|Any CPU.Build.0 = Release|Any CPU
		{FD732E70-B7CF-4D42-8F56-D0D26250D7D8}.Debug|Any CPU.ActiveCfg = Debug|Any CPU
		{FD732E70-B7CF-4D42-8F56-D0D26250D7D8}.Debug|Any CPU.Build.0 = Debug|Any CPU
		{FD732E70-B7CF-4D42-8F56-D0D26250D7D8}.Release|Any CPU.ActiveCfg = Release|Any CPU
		{FD732E70-B7CF-4D42-8F56-D0D26250D7D8}.Release|Any CPU.Build.0 = Release|Any CPU
	EndGlobalSection
	GlobalSection(SolutionProperties) = preSolution
		HideSolutionNode = FALSE
	EndGlobalSection
EndGlobal
